
Microsoft Visual Studio Solution File, Format Version 12.00
# Visual Studio Version 17
VisualStudioVersion = 17.14.36327.8 d17.14
MinimumVisualStudioVersion = 10.0.40219.1
Project("{2150E333-8FDC-42A3-9474-1A3956D46DE8}") = "UI", "UI", "{02EA681E-C7D8-13C7-8484-4AC65E1B71E8}"
EndProject
Project("{2150E333-8FDC-42A3-9474-1A3956D46DE8}") = "BackendAPI", "BackendAPI", "{BA62C974-FA22-4357-BD2B-0B39DA8EC41B}"
EndProject
Project("{2150E333-8FDC-42A3-9474-1A3956D46DE8}") = "API", "API", "{E02A9BF1-9D5A-4CB0-A08C-10D201C09720}"
EndProject
Project("{2150E333-8FDC-42A3-9474-1A3956D46DE8}") = "BuildingBlocks", "BuildingBlocks", "{3BA87A8C-DA46-4376-A840-D85CDFD1BBF6}"
EndProject
Project("{FAE04EC0-301F-11D3-BF4B-00C04F79EFBC}") = "APIs", "BackendAPI\API\APIs\APIs.csproj", "{F7CFA2D3-EE0C-43BB-8248-D807F684C558}"
EndProject
Project("{FAE04EC0-301F-11D3-BF4B-00C04F79EFBC}") = "BuildingBlocks", "BackendAPI\BuildingBlocks\BuildingBlocks\BuildingBlocks.csproj", "{4717ACBB-1F93-475C-9259-FA9F7F9E46B5}"
EndProject
Project("{E53339B2-1760-4266-BCC7-CA923CBCF16C}") = "docker-compose", "docker-compose.dcproj", "{81DDED9D-158B-E303-5F62-77A2896D2A5A}"
EndProject
Project("{2150E333-8FDC-42A3-9474-1A3956D46DE8}") = "ApiGateways", "ApiGateways", "{6C875754-30AC-4AF4-9101-6D0625C382A4}"
EndProject
Project("{FAE04EC0-301F-11D3-BF4B-00C04F79EFBC}") = "YarpApiGateway", "ApiGateways\YarpApiGateway\YarpApiGateway.csproj", "{60CF7968-6579-4B8A-9D9B-55C9522A84DF}"
EndProject
Project("{2150E333-8FDC-42A3-9474-1A3956D46DE8}") = "Modules", "Modules", "{0BFEBC6C-E742-43DC-AAAB-65310DD2A4C7}"
EndProject
Project("{FAE04EC0-301F-11D3-BF4B-00C04F79EFBC}") = "CNX", "BackendAPI\Modules\CNX\CNX.csproj", "{59881254-F226-48C7-B9BB-9AA2687C829A}"
EndProject
Project("{FAE04EC0-301F-11D3-BF4B-00C04F79EFBC}") = "Auth", "BackendAPI\Modules\Auth\Auth.csproj", "{AC4D7CDA-8908-44B7-8853-21838589D79C}"
EndProject
Project("{2150E333-8FDC-42A3-9474-1A3956D46DE8}") = "Solution Items", "Solution Items", "{41CE62E5-E27F-47A5-8ED2-9DFA444B4E14}"
	ProjectSection(SolutionItems) = preProject
		.editorconfig = .editorconfig
	EndProjectSection
EndProject
Project("{FAE04EC0-301F-11D3-BF4B-00C04F79EFBC}") = "PhilSys", "BackendAPI\Modules\PhilSys\PhilSys.csproj", "{B1AC58E4-32ED-4467-8D7D-C73E320EFF1B}"
EndProject
Project("{FAE04EC0-301F-11D3-BF4B-00C04F79EFBC}") = "SSO", "BackendAPI\Modules\SSO\SSO.csproj", "{A40D649A-C631-45BB-9A70-7FEBB4C414EA}"
EndProject
Project("{FAE04EC0-301F-11D3-BF4B-00C04F79EFBC}") = "FrontendWebassembly", "UI\FrontendWebassembly\FrontendWebassembly.csproj", "{BDAF523F-CDA9-4DC7-82E2-A9F0BBAF6E30}"
EndProject
Project("{2150E333-8FDC-42A3-9474-1A3956D46DE8}") = "Test", "Test", "{402D4AE2-B94C-4BFE-9FF6-F4DF84962576}"
EndProject
Project("{FAE04EC0-301F-11D3-BF4B-00C04F79EFBC}") = "Test", "Test\Test\Test.csproj", "{959FA9F7-17DC-4C8D-8EFC-C167B8DCA0EA}"
EndProject
Project("{FAE04EC0-301F-11D3-BF4B-00C04F79EFBC}") = "AIAgent", "BackendAPI\Modules\AIAgent\AIAgent.csproj", "{6D8B4542-AF60-4B9A-AD16-334AC776CC5D}"
EndProject
Global
	GlobalSection(SolutionConfigurationPlatforms) = preSolution
		Debug|Any CPU = Debug|Any CPU
		Release|Any CPU = Release|Any CPU
	EndGlobalSection
	GlobalSection(ProjectConfigurationPlatforms) = postSolution
		{F7CFA2D3-EE0C-43BB-8248-D807F684C558}.Debug|Any CPU.ActiveCfg = Debug|Any CPU
		{F7CFA2D3-EE0C-43BB-8248-D807F684C558}.Debug|Any CPU.Build.0 = Debug|Any CPU
		{F7CFA2D3-EE0C-43BB-8248-D807F684C558}.Release|Any CPU.ActiveCfg = Release|Any CPU
		{F7CFA2D3-EE0C-43BB-8248-D807F684C558}.Release|Any CPU.Build.0 = Release|Any CPU
		{4717ACBB-1F93-475C-9259-FA9F7F9E46B5}.Debug|Any CPU.ActiveCfg = Debug|Any CPU
		{4717ACBB-1F93-475C-9259-FA9F7F9E46B5}.Debug|Any CPU.Build.0 = Debug|Any CPU
		{4717ACBB-1F93-475C-9259-FA9F7F9E46B5}.Release|Any CPU.ActiveCfg = Release|Any CPU
		{4717ACBB-1F93-475C-9259-FA9F7F9E46B5}.Release|Any CPU.Build.0 = Release|Any CPU
		{81DDED9D-158B-E303-5F62-77A2896D2A5A}.Debug|Any CPU.ActiveCfg = Debug|Any CPU
		{81DDED9D-158B-E303-5F62-77A2896D2A5A}.Debug|Any CPU.Build.0 = Debug|Any CPU
		{81DDED9D-158B-E303-5F62-77A2896D2A5A}.Release|Any CPU.ActiveCfg = Release|Any CPU
		{81DDED9D-158B-E303-5F62-77A2896D2A5A}.Release|Any CPU.Build.0 = Release|Any CPU
		{60CF7968-6579-4B8A-9D9B-55C9522A84DF}.Debug|Any CPU.ActiveCfg = Debug|Any CPU
		{60CF7968-6579-4B8A-9D9B-55C9522A84DF}.Debug|Any CPU.Build.0 = Debug|Any CPU
		{60CF7968-6579-4B8A-9D9B-55C9522A84DF}.Release|Any CPU.ActiveCfg = Release|Any CPU
		{60CF7968-6579-4B8A-9D9B-55C9522A84DF}.Release|Any CPU.Build.0 = Release|Any CPU
		{59881254-F226-48C7-B9BB-9AA2687C829A}.Debug|Any CPU.ActiveCfg = Debug|Any CPU
		{59881254-F226-48C7-B9BB-9AA2687C829A}.Debug|Any CPU.Build.0 = Debug|Any CPU
		{59881254-F226-48C7-B9BB-9AA2687C829A}.Release|Any CPU.ActiveCfg = Release|Any CPU
		{59881254-F226-48C7-B9BB-9AA2687C829A}.Release|Any CPU.Build.0 = Release|Any CPU
		{AC4D7CDA-8908-44B7-8853-21838589D79C}.Debug|Any CPU.ActiveCfg = Debug|Any CPU
		{AC4D7CDA-8908-44B7-8853-21838589D79C}.Debug|Any CPU.Build.0 = Debug|Any CPU
		{AC4D7CDA-8908-44B7-8853-21838589D79C}.Release|Any CPU.ActiveCfg = Release|Any CPU
		{AC4D7CDA-8908-44B7-8853-21838589D79C}.Release|Any CPU.Build.0 = Release|Any CPU
		{B1AC58E4-32ED-4467-8D7D-C73E320EFF1B}.Debug|Any CPU.ActiveCfg = Debug|Any CPU
		{B1AC58E4-32ED-4467-8D7D-C73E320EFF1B}.Debug|Any CPU.Build.0 = Debug|Any CPU
		{B1AC58E4-32ED-4467-8D7D-C73E320EFF1B}.Release|Any CPU.ActiveCfg = Release|Any CPU
		{B1AC58E4-32ED-4467-8D7D-C73E320EFF1B}.Release|Any CPU.Build.0 = Release|Any CPU
		{A40D649A-C631-45BB-9A70-7FEBB4C414EA}.Debug|Any CPU.ActiveCfg = Debug|Any CPU
		{A40D649A-C631-45BB-9A70-7FEBB4C414EA}.Debug|Any CPU.Build.0 = Debug|Any CPU
		{A40D649A-C631-45BB-9A70-7FEBB4C414EA}.Release|Any CPU.ActiveCfg = Release|Any CPU
		{A40D649A-C631-45BB-9A70-7FEBB4C414EA}.Release|Any CPU.Build.0 = Release|Any CPU
		{BDAF523F-CDA9-4DC7-82E2-A9F0BBAF6E30}.Debug|Any CPU.ActiveCfg = Debug|Any CPU
		{BDAF523F-CDA9-4DC7-82E2-A9F0BBAF6E30}.Debug|Any CPU.Build.0 = Debug|Any CPU
		{BDAF523F-CDA9-4DC7-82E2-A9F0BBAF6E30}.Release|Any CPU.ActiveCfg = Release|Any CPU
		{BDAF523F-CDA9-4DC7-82E2-A9F0BBAF6E30}.Release|Any CPU.Build.0 = Release|Any CPU
		{959FA9F7-17DC-4C8D-8EFC-C167B8DCA0EA}.Debug|Any CPU.ActiveCfg = Debug|Any CPU
		{959FA9F7-17DC-4C8D-8EFC-C167B8DCA0EA}.Debug|Any CPU.Build.0 = Debug|Any CPU
		{959FA9F7-17DC-4C8D-8EFC-C167B8DCA0EA}.Release|Any CPU.ActiveCfg = Release|Any CPU
		{959FA9F7-17DC-4C8D-8EFC-C167B8DCA0EA}.Release|Any CPU.Build.0 = Release|Any CPU
		{6D8B4542-AF60-4B9A-AD16-334AC776CC5D}.Debug|Any CPU.ActiveCfg = Debug|Any CPU
		{6D8B4542-AF60-4B9A-AD16-334AC776CC5D}.Debug|Any CPU.Build.0 = Debug|Any CPU
		{6D8B4542-AF60-4B9A-AD16-334AC776CC5D}.Release|Any CPU.ActiveCfg = Release|Any CPU
		{6D8B4542-AF60-4B9A-AD16-334AC776CC5D}.Release|Any CPU.Build.0 = Release|Any CPU
	EndGlobalSection
	GlobalSection(SolutionProperties) = preSolution
		HideSolutionNode = FALSE
	EndGlobalSection
	GlobalSection(NestedProjects) = preSolution
		{E02A9BF1-9D5A-4CB0-A08C-10D201C09720} = {BA62C974-FA22-4357-BD2B-0B39DA8EC41B}
		{3BA87A8C-DA46-4376-A840-D85CDFD1BBF6} = {0BFEBC6C-E742-43DC-AAAB-65310DD2A4C7}
		{F7CFA2D3-EE0C-43BB-8248-D807F684C558} = {E02A9BF1-9D5A-4CB0-A08C-10D201C09720}
		{4717ACBB-1F93-475C-9259-FA9F7F9E46B5} = {3BA87A8C-DA46-4376-A840-D85CDFD1BBF6}
		{60CF7968-6579-4B8A-9D9B-55C9522A84DF} = {6C875754-30AC-4AF4-9101-6D0625C382A4}
		{0BFEBC6C-E742-43DC-AAAB-65310DD2A4C7} = {BA62C974-FA22-4357-BD2B-0B39DA8EC41B}
		{59881254-F226-48C7-B9BB-9AA2687C829A} = {0BFEBC6C-E742-43DC-AAAB-65310DD2A4C7}
		{AC4D7CDA-8908-44B7-8853-21838589D79C} = {0BFEBC6C-E742-43DC-AAAB-65310DD2A4C7}
		{B1AC58E4-32ED-4467-8D7D-C73E320EFF1B} = {0BFEBC6C-E742-43DC-AAAB-65310DD2A4C7}
		{A40D649A-C631-45BB-9A70-7FEBB4C414EA} = {0BFEBC6C-E742-43DC-AAAB-65310DD2A4C7}
		{BDAF523F-CDA9-4DC7-82E2-A9F0BBAF6E30} = {02EA681E-C7D8-13C7-8484-4AC65E1B71E8}
		{959FA9F7-17DC-4C8D-8EFC-C167B8DCA0EA} = {402D4AE2-B94C-4BFE-9FF6-F4DF84962576}
		{6D8B4542-AF60-4B9A-AD16-334AC776CC5D} = {0BFEBC6C-E742-43DC-AAAB-65310DD2A4C7}
	EndGlobalSection
	GlobalSection(ExtensibilityGlobals) = postSolution
		SolutionGuid = {46B8F5AC-4BB4-4C3A-84F6-2A39D72DC64B}
	EndGlobalSection
EndGlobal
